schema: '2.0'
stages:
  data_ingestion:
    cmd: python src/deepClassifier/pipeline/stage01_data_ingestion.py
    deps:
    - path: configs/config.yaml
      hash: md5
      md5: 4e2e486db16223d1f6ae31199b4a2401
      size: 788
    - path: src/deepClassifier/components/data_ingestion.py
      hash: md5
      md5: f8263d4b7857bdbb2f3cdfe2e03057f6
      size: 2427
    outs:
    - path: artifacts/data_ingestion/natural_images
      hash: md5
      md5: 5925456213aec33761458533ff9ab96c.dir
      size: 179701596
      nfiles: 6899
  prepare_base_model:
    cmd: python src/deepClassifier/pipeline/stage02_prepare_base_model.py
    deps:
    - path: configs/config.yaml
      hash: md5
      md5: 4e2e486db16223d1f6ae31199b4a2401
      size: 788
    - path: src/deepClassifier/pipeline/stage02_prepare_base_model.py
      hash: md5
      md5: 1e8739c62bf962b1d592626ab0c315e2
      size: 777
    params:
      params.yaml:
        CLASSES: 8
        IMAGE_SIZE:
        - 224
        - 224
        - 3
        INCLUDE_TOP: false
        LEARNING_RATE: 0.01
        WEIGHTS: imagenet
    outs:
    - path: artifacts/prepare_base_model
      hash: md5
      md5: 096220446da6c84b9456a2d03a20e57f.dir
      size: 118661360
      nfiles: 2
  training:
    cmd: python src/deepClassifier/pipeline/stage03_training.py
    deps:
    - path: artifacts/data_ingestion/natural_images
      hash: md5
      md5: 5925456213aec33761458533ff9ab96c.dir
      size: 179701596
      nfiles: 6899
    - path: artifacts/prepare_base_model
      hash: md5
      md5: 096220446da6c84b9456a2d03a20e57f.dir
      size: 118661360
      nfiles: 2
    - path: configs/config.yaml
      hash: md5
      md5: 4e2e486db16223d1f6ae31199b4a2401
      size: 788
    - path: src/deepClassifier/components/prepare_callback.py
      hash: md5
      md5: 77567ec945e1de6a8c840e21faa4affe
      size: 1003
    - path: src/deepClassifier/pipeline/stage03_training.py
      hash: md5
      md5: 8994ffcd49fae70c2d874563bed6127f
      size: 994
    params:
      params.yaml:
        AUGMENTATION: true
        BATCH_SIZE: 16
        EPOCHS: 5
        IMAGE_SIZE:
        - 224
        - 224
        - 3
    outs:
    - path: artifacts/training/model.h5
      hash: md5
      md5: a4db085507dfb07513d0fa79a907a15d
      size: 60544944
  evaluation:
    cmd: python src/deepClassifier/pipeline/stage04_evaluation.py
    deps:
    - path: artifacts/data_ingestion/natural_images
      hash: md5
      md5: 5925456213aec33761458533ff9ab96c.dir
      size: 179701596
      nfiles: 6899
    - path: artifacts/training/model.h5
      hash: md5
      md5: a4db085507dfb07513d0fa79a907a15d
      size: 60544944
    - path: configs/config.yaml
      hash: md5
      md5: 4e2e486db16223d1f6ae31199b4a2401
      size: 788
    - path: src/deepClassifier/pipeline/stage04_evaluation.py
      hash: md5
      md5: bde719530eb4aa8bd73dbedb5a76e285
      size: 691
    params:
      params.yaml:
        BATCH_SIZE: 16
        IMAGE_SIZE:
        - 224
        - 224
        - 3
    outs:
    - path: scores.json
      hash: md5
      md5: e48e98dfb9570611e12c77be197b666b
      size: 72
